
Microsoft Visual Studio Solution File, Format Version 12.00
# Visual Studio 2012
Project("{FAE04EC0-301F-11D3-BF4B-00C04F79EFBC}") = "Beauty.UI.Wpf", "Beauty.UI\Beauty.UI.Wpf.csproj", "{11119F0B-7AB6-492D-88D7-9A82BB5B1BD9}"
EndProject
Project("{FAE04EC0-301F-11D3-BF4B-00C04F79EFBC}") = "Beauty.UI.WinForms", "Beauty.UI.WinForms\Beauty.UI.WinForms.csproj", "{8931EEED-29A0-4AE4-B909-EEE0D866936F}"
EndProject
Project("{FAE04EC0-301F-11D3-BF4B-00C04F79EFBC}") = "Beauty.Business", "Beauty.Business\Beauty.Business.csproj", "{F05B1984-914F-401A-93CA-EAA4E72359F1}"
EndProject
Project("{FAE04EC0-301F-11D3-BF4B-00C04F79EFBC}") = "Beauty.Interfaces", "Beauty.Interfaces\Beauty.Interfaces.csproj", "{FC016D42-FC01-4CD1-81FE-F27ABC25D5F8}"
EndProject
Project("{FAE04EC0-301F-11D3-BF4B-00C04F79EFBC}") = "Beauty.Specs", "Beauty.Specs\Beauty.Specs.csproj", "{EB73F03B-F5CC-4109-B9E1-47D32D0B3FA3}"
EndProject
Project("{FAE04EC0-301F-11D3-BF4B-00C04F79EFBC}") = "Beauty.Specs.UI.StepDefinitions", "Beauty.Specs.UI.Bindings\Beauty.Specs.UI.StepDefinitions.csproj", "{BE637986-8151-4D6F-B26D-9A7C5676B19A}"
EndProject
Global
	GlobalSection(SolutionConfigurationPlatforms) = preSolution
		Debug|Any CPU = Debug|Any CPU
		Release|Any CPU = Release|Any CPU
	EndGlobalSection
	GlobalSection(ProjectConfigurationPlatforms) = postSolution
		{11119F0B-7AB6-492D-88D7-9A82BB5B1BD9}.Debug|Any CPU.ActiveCfg = Debug|Any CPU
		{11119F0B-7AB6-492D-88D7-9A82BB5B1BD9}.Debug|Any CPU.Build.0 = Debug|Any CPU
		{11119F0B-7AB6-492D-88D7-9A82BB5B1BD9}.Release|Any CPU.ActiveCfg = Release|Any CPU
		{11119F0B-7AB6-492D-88D7-9A82BB5B1BD9}.Release|Any CPU.Build.0 = Release|Any CPU
		{8931EEED-29A0-4AE4-B909-EEE0D866936F}.Debug|Any CPU.ActiveCfg = Debug|Any CPU
		{8931EEED-29A0-4AE4-B909-EEE0D866936F}.Debug|Any CPU.Build.0 = Debug|Any CPU
		{8931EEED-29A0-4AE4-B909-EEE0D866936F}.Release|Any CPU.ActiveCfg = Release|Any CPU
		{8931EEED-29A0-4AE4-B909-EEE0D866936F}.Release|Any CPU.Build.0 = Release|Any CPU
		{F05B1984-914F-401A-93CA-EAA4E72359F1}.Debug|Any CPU.ActiveCfg = Debug|Any CPU
		{F05B1984-914F-401A-93CA-EAA4E72359F1}.Debug|Any CPU.Build.0 = Debug|Any CPU
		{F05B1984-914F-401A-93CA-EAA4E72359F1}.Release|Any CPU.ActiveCfg = Release|Any CPU
		{F05B1984-914F-401A-93CA-EAA4E72359F1}.Release|Any CPU.Build.0 = Release|Any CPU
		{FC016D42-FC01-4CD1-81FE-F27ABC25D5F8}.Debug|Any CPU.ActiveCfg = Debug|Any CPU
		{FC016D42-FC01-4CD1-81FE-F27ABC25D5F8}.Debug|Any CPU.Build.0 = Debug|Any CPU
		{FC016D42-FC01-4CD1-81FE-F27ABC25D5F8}.Release|Any CPU.ActiveCfg = Release|Any CPU
		{FC016D42-FC01-4CD1-81FE-F27ABC25D5F8}.Release|Any CPU.Build.0 = Release|Any CPU
		{EB73F03B-F5CC-4109-B9E1-47D32D0B3FA3}.Debug|Any CPU.ActiveCfg = Debug|Any CPU
		{EB73F03B-F5CC-4109-B9E1-47D32D0B3FA3}.Debug|Any CPU.Build.0 = Debug|Any CPU
		{EB73F03B-F5CC-4109-B9E1-47D32D0B3FA3}.Release|Any CPU.ActiveCfg = Release|Any CPU
		{EB73F03B-F5CC-4109-B9E1-47D32D0B3FA3}.Release|Any CPU.Build.0 = Release|Any CPU
		{BE637986-8151-4D6F-B26D-9A7C5676B19A}.Debug|Any CPU.ActiveCfg = Debug|Any CPU
		{BE637986-8151-4D6F-B26D-9A7C5676B19A}.Debug|Any CPU.Build.0 = Debug|Any CPU
		{BE637986-8151-4D6F-B26D-9A7C5676B19A}.Release|Any CPU.ActiveCfg = Release|Any CPU
		{BE637986-8151-4D6F-B26D-9A7C5676B19A}.Release|Any CPU.Build.0 = Release|Any CPU
	EndGlobalSection
	GlobalSection(SolutionProperties) = preSolution
		HideSolutionNode = FALSE
	EndGlobalSection
EndGlobal
